
Microsoft Visual Studio Solution File, Format Version 12.00
# Visual Studio Version 17
VisualStudioVersion = 17.14.36401.2 d17.14
MinimumVisualStudioVersion = 10.0.40219.1
Project("{FAE04EC0-301F-11D3-BF4B-00C04F79EFBC}") = "UserManagementService", "UserManagementService.csproj", "{EE2D93CB-CE77-4F24-B279-436C3C2C0289}"
EndProject
Global
	GlobalSection(SolutionConfigurationPlatforms) = preSolution
		Debug|Any CPU = Debug|Any CPU
		Release|Any CPU = Release|Any CPU
	EndGlobalSection
	GlobalSection(ProjectConfigurationPlatforms) = postSolution
		{EE2D93CB-CE77-4F24-B279-436C3C2C0289}.Debug|Any CPU.ActiveCfg = Debug|Any CPU
		{EE2D93CB-CE77-4F24-B279-436C3C2C0289}.Debug|Any CPU.Build.0 = Debug|Any CPU
		{EE2D93CB-CE77-4F24-B279-436C3C2C0289}.Release|Any CPU.ActiveCfg = Release|Any CPU
		{EE2D93CB-CE77-4F24-B279-436C3C2C0289}.Release|Any CPU.Build.0 = Release|Any CPU
	EndGlobalSection
	GlobalSection(SolutionProperties) = preSolution
		HideSolutionNode = FALSE
	EndGlobalSection
	GlobalSection(ExtensibilityGlobals) = postSolution
		SolutionGuid = {4F9AE3A4-A05F-4C9B-B3A6-509FC2540610}
	EndGlobalSection
EndGlobal
